
Microsoft Visual Studio Solution File, Format Version 12.00
# Visual Studio Version 16
VisualStudioVersion = 16.0.30611.23
MinimumVisualStudioVersion = 10.0.40219.1
Project("{FAE04EC0-301F-11D3-BF4B-00C04F79EFBC}") = "PozitifSayılarıToplama", "PoitifSayılarıTolama\PozitifSayılarıToplama.csproj", "{5BE7A6EF-9C10-458F-9532-11A8456B8298}"
EndProject
Global
	GlobalSection(SolutionConfigurationPlatforms) = preSolution
		Debug|Any CPU = Debug|Any CPU
		Release|Any CPU = Release|Any CPU
	EndGlobalSection
	GlobalSection(ProjectConfigurationPlatforms) = postSolution
		{5BE7A6EF-9C10-458F-9532-11A8456B8298}.Debug|Any CPU.ActiveCfg = Debug|Any CPU
		{5BE7A6EF-9C10-458F-9532-11A8456B8298}.Debug|Any CPU.Build.0 = Debug|Any CPU
		{5BE7A6EF-9C10-458F-9532-11A8456B8298}.Release|Any CPU.ActiveCfg = Release|Any CPU
		{5BE7A6EF-9C10-458F-9532-11A8456B8298}.Release|Any CPU.Build.0 = Release|Any CPU
	EndGlobalSection
	GlobalSection(SolutionProperties) = preSolution
		HideSolutionNode = FALSE
	EndGlobalSection
	GlobalSection(ExtensibilityGlobals) = postSolution
		SolutionGuid = {58CDC1A7-1114-4294-9885-B42A116D0FCF}
	EndGlobalSection
EndGlobal
